github.com/prophittcorey/zw v1.0.1 h1:CkhtYHCVIIwAWbz+BLtibd06Uew9ZK0iflI/Q1Dxm+U=
github.com/prophittcorey/zw v1.0.1/go.mod h1:SWZQd+XMAw6hu9JHQwzFdDWg5NiB4ekl2Jd1LXIbKLE=
golang.org/x/text v0.22.0 h1:bofq7m3/HAFvbF51jz3Q9wLg3jkvSPuiZu/pD1XwgtM=
golang.org/x/text v0.22.0/go.mod h1:YRoo4H8PVmsu+E3Ou7cqLVH8oXWIHVoX0jqUWALQhfY=
